
Microsoft Visual Studio Solution File, Format Version 12.00
# Visual Studio Version 16
VisualStudioVersion = 16.0.31424.327
MinimumVisualStudioVersion = 10.0.40219.1
Project("{FAE04EC0-301F-11D3-BF4B-00C04F79EFBC}") = "AppAdminDesktop_Presentación", "AppAdminDesktop_Presentación\AppAdminDesktop_Presentación.csproj", "{6878A511-C15F-4476-98E3-FC4D3C88B9DE}"
EndProject
Project("{FAE04EC0-301F-11D3-BF4B-00C04F79EFBC}") = "AppAdminDesktop_Negocio", "AppAdminDesktop_Negocio\AppAdminDesktop_Negocio.csproj", "{68E1E3E9-9E51-4710-BC2C-02B7C2CBCC6A}"
EndProject
Project("{FAE04EC0-301F-11D3-BF4B-00C04F79EFBC}") = "AppAdminDesktop_Datos", "AppAdminDesktop_Datos\AppAdminDesktop_Datos.csproj", "{EA390768-A37E-4EA8-BF31-273E3721E406}"
EndProject
Project("{FAE04EC0-301F-11D3-BF4B-00C04F79EFBC}") = "AppAdminDesktop_Entidad", "AppAdminDesktop_Entidad\AppAdminDesktop_Entidad.csproj", "{C6CE5265-E1A1-404C-9B01-D197871D3BCD}"
EndProject
Global
	GlobalSection(SolutionConfigurationPlatforms) = preSolution
		Debug|Any CPU = Debug|Any CPU
		Release|Any CPU = Release|Any CPU
	EndGlobalSection
	GlobalSection(ProjectConfigurationPlatforms) = postSolution
		{6878A511-C15F-4476-98E3-FC4D3C88B9DE}.Debug|Any CPU.ActiveCfg = Debug|Any CPU
		{6878A511-C15F-4476-98E3-FC4D3C88B9DE}.Debug|Any CPU.Build.0 = Debug|Any CPU
		{6878A511-C15F-4476-98E3-FC4D3C88B9DE}.Release|Any CPU.ActiveCfg = Release|Any CPU
		{6878A511-C15F-4476-98E3-FC4D3C88B9DE}.Release|Any CPU.Build.0 = Release|Any CPU
		{68E1E3E9-9E51-4710-BC2C-02B7C2CBCC6A}.Debug|Any CPU.ActiveCfg = Debug|Any CPU
		{68E1E3E9-9E51-4710-BC2C-02B7C2CBCC6A}.Debug|Any CPU.Build.0 = Debug|Any CPU
		{68E1E3E9-9E51-4710-BC2C-02B7C2CBCC6A}.Release|Any CPU.ActiveCfg = Release|Any CPU
		{68E1E3E9-9E51-4710-BC2C-02B7C2CBCC6A}.Release|Any CPU.Build.0 = Release|Any CPU
		{EA390768-A37E-4EA8-BF31-273E3721E406}.Debug|Any CPU.ActiveCfg = Debug|Any CPU
		{EA390768-A37E-4EA8-BF31-273E3721E406}.Debug|Any CPU.Build.0 = Debug|Any CPU
		{EA390768-A37E-4EA8-BF31-273E3721E406}.Release|Any CPU.ActiveCfg = Release|Any CPU
		{EA390768-A37E-4EA8-BF31-273E3721E406}.Release|Any CPU.Build.0 = Release|Any CPU
		{C6CE5265-E1A1-404C-9B01-D197871D3BCD}.Debug|Any CPU.ActiveCfg = Debug|Any CPU
		{C6CE5265-E1A1-404C-9B01-D197871D3BCD}.Debug|Any CPU.Build.0 = Debug|Any CPU
		{C6CE5265-E1A1-404C-9B01-D197871D3BCD}.Release|Any CPU.ActiveCfg = Release|Any CPU
		{C6CE5265-E1A1-404C-9B01-D197871D3BCD}.Release|Any CPU.Build.0 = Release|Any CPU
	EndGlobalSection
	GlobalSection(SolutionProperties) = preSolution
		HideSolutionNode = FALSE
	EndGlobalSection
	GlobalSection(ExtensibilityGlobals) = postSolution
		SolutionGuid = {F1FD836F-7721-4525-B327-E3E6DBA3FF46}
	EndGlobalSection
EndGlobal
